
Microsoft Visual Studio Solution File, Format Version 12.00
# Visual Studio Version 17
VisualStudioVersion = 17.6.33712.159
MinimumVisualStudioVersion = 10.0.40219.1
Project("{9A19103F-16F7-4668-BE54-9A1E7A4F7556}") = "JWT", "JWT\JWT.csproj", "{86F51D78-5A0A-4127-B37C-1667B1BEDE5B}"
EndProject
Project("{FAE04EC0-301F-11D3-BF4B-00C04F79EFBC}") = "ApiGateway", "ApiGateway\ApiGateway.csproj", "{84F7D7E7-46C4-432A-BAD8-F4FD23D23241}"
EndProject
Global
	GlobalSection(SolutionConfigurationPlatforms) = preSolution
		Debug|Any CPU = Debug|Any CPU
		Release|Any CPU = Release|Any CPU
	EndGlobalSection
	GlobalSection(ProjectConfigurationPlatforms) = postSolution
		{86F51D78-5A0A-4127-B37C-1667B1BEDE5B}.Debug|Any CPU.ActiveCfg = Debug|Any CPU
		{86F51D78-5A0A-4127-B37C-1667B1BEDE5B}.Debug|Any CPU.Build.0 = Debug|Any CPU
		{86F51D78-5A0A-4127-B37C-1667B1BEDE5B}.Release|Any CPU.ActiveCfg = Release|Any CPU
		{86F51D78-5A0A-4127-B37C-1667B1BEDE5B}.Release|Any CPU.Build.0 = Release|Any CPU
		{84F7D7E7-46C4-432A-BAD8-F4FD23D23241}.Debug|Any CPU.ActiveCfg = Debug|Any CPU
		{84F7D7E7-46C4-432A-BAD8-F4FD23D23241}.Debug|Any CPU.Build.0 = Debug|Any CPU
		{84F7D7E7-46C4-432A-BAD8-F4FD23D23241}.Release|Any CPU.ActiveCfg = Release|Any CPU
		{84F7D7E7-46C4-432A-BAD8-F4FD23D23241}.Release|Any CPU.Build.0 = Release|Any CPU
	EndGlobalSection
	GlobalSection(SolutionProperties) = preSolution
		HideSolutionNode = FALSE
	EndGlobalSection
	GlobalSection(ExtensibilityGlobals) = postSolution
		SolutionGuid = {53F140EE-A863-4192-9A0A-088228B07F69}
	EndGlobalSection
EndGlobal
